
Microsoft Visual Studio Solution File, Format Version 12.00
# Visual Studio Version 16
VisualStudioVersion = 16.0.30114.105
MinimumVisualStudioVersion = 10.0.40219.1
Project("{FAE04EC0-301F-11D3-BF4B-00C04F79EFBC}") = "RoyalCode.Examples.Results", "RoyalCode.Examples.Results\RoyalCode.Examples.Results.csproj", "{193BBFFD-1417-4BB4-B540-6A42830F0143}"
EndProject
Global
	GlobalSection(SolutionConfigurationPlatforms) = preSolution
		Debug|Any CPU = Debug|Any CPU
		Release|Any CPU = Release|Any CPU
	EndGlobalSection
	GlobalSection(SolutionProperties) = preSolution
		HideSolutionNode = FALSE
	EndGlobalSection
	GlobalSection(ProjectConfigurationPlatforms) = postSolution
		{193BBFFD-1417-4BB4-B540-6A42830F0143}.Debug|Any CPU.ActiveCfg = Debug|Any CPU
		{193BBFFD-1417-4BB4-B540-6A42830F0143}.Debug|Any CPU.Build.0 = Debug|Any CPU
		{193BBFFD-1417-4BB4-B540-6A42830F0143}.Release|Any CPU.ActiveCfg = Release|Any CPU
		{193BBFFD-1417-4BB4-B540-6A42830F0143}.Release|Any CPU.Build.0 = Release|Any CPU
	EndGlobalSection
EndGlobal
