
Microsoft Visual Studio Solution File, Format Version 12.00
# Visual Studio Version 17
VisualStudioVersion = 17.1.31911.260
MinimumVisualStudioVersion = 10.0.40219.1
Project("{9A19103F-16F7-4668-BE54-9A1E7A4F7556}") = "RoyalCode.Repositories.Abstractions", "RoyalCode.Repositories.Abstractions\RoyalCode.Repositories.Abstractions.csproj", "{32ED862A-FFC6-40A7-8BBA-0807AC5B7BE5}"
EndProject
Project("{2150E333-8FDC-42A3-9474-1A3956D46DE8}") = ".items", ".items", "{B6D9A130-5359-4A71-A97B-703364D34B97}"
	ProjectSection(SolutionItems) = preProject
		asp.targets = asp.targets
		base.targets = base.targets
		Directory.Build.props = Directory.Build.props
		libs.targets = libs.targets
		tests.targets = tests.targets
	EndProjectSection
EndProject
Project("{9A19103F-16F7-4668-BE54-9A1E7A4F7556}") = "RoyalCode.Entities", "RoyalCode.Entities\RoyalCode.Entities.csproj", "{E6E2DDCC-0629-4BBF-98E8-EECA1CA7A8A1}"
EndProject
Project("{9A19103F-16F7-4668-BE54-9A1E7A4F7556}") = "RoyalCode.DomainEvents", "RoyalCode.DomainEvents\RoyalCode.DomainEvents.csproj", "{9D8033FC-7CB8-40E0-97B2-81A710F920D1}"
EndProject
Project("{9A19103F-16F7-4668-BE54-9A1E7A4F7556}") = "RoyalCode.Aggregates", "RoyalCode.Aggregates\RoyalCode.Aggregates.csproj", "{9354412F-7A51-471A-A52E-86D766DE5ACA}"
EndProject
Project("{2150E333-8FDC-42A3-9474-1A3956D46DE8}") = "Domain Layer Patterns", "Domain Layer Patterns", "{3EED25DE-FBB1-4451-8F44-D072B43A2D66}"
EndProject
Project("{2150E333-8FDC-42A3-9474-1A3956D46DE8}") = "Application Layer Patterns", "Application Layer Patterns", "{4847AB47-2B45-4A3A-BF3B-7F010F21ED86}"
EndProject
Project("{9A19103F-16F7-4668-BE54-9A1E7A4F7556}") = "RoyalCode.UnitOfWork.Abstractions", "RoyalCode.UnitOfWork.Abstractions\RoyalCode.UnitOfWork.Abstractions.csproj", "{0F585941-ACDB-46FA-B909-EA1FE71C7509}"
EndProject
Project("{9A19103F-16F7-4668-BE54-9A1E7A4F7556}") = "RoyalCode.OperationResult", "RoyalCode.OperationResult\RoyalCode.OperationResult.csproj", "{C0E3C712-B100-4B63-8421-E75C74560107}"
EndProject
Project("{2150E333-8FDC-42A3-9474-1A3956D46DE8}") = "Libs", "Libs", "{A54A32AB-DA08-4825-A246-DE5A8C69D588}"
EndProject
Project("{2150E333-8FDC-42A3-9474-1A3956D46DE8}") = "Tests", "Tests", "{D91CABB8-AE3F-4FE8-B8E3-DEDBD6C2EDB6}"
EndProject
Project("{9A19103F-16F7-4668-BE54-9A1E7A4F7556}") = "RoyalCode.Searches.Abstractions", "RoyalCode.Searches.Abstractions\RoyalCode.Searches.Abstractions.csproj", "{AA0C1D81-67C3-45AD-BC6F-4BADEA8C0364}"
EndProject
Project("{9A19103F-16F7-4668-BE54-9A1E7A4F7556}") = "RoyalCode.Persistence.Tests", "RoyalCode.Persistence.Tests\RoyalCode.Persistence.Tests.csproj", "{2636C6E2-AA9F-4948-BF46-D0772F73D265}"
EndProject
Project("{9A19103F-16F7-4668-BE54-9A1E7A4F7556}") = "RoyalCode.Searches.Persistence.Abstractions", "RoyalCode.Persistence.Searches.Abstractions\RoyalCode.Searches.Persistence.Abstractions.csproj", "{1A528A8D-A794-41F4-A299-D00732B5D094}"
EndProject
Project("{9A19103F-16F7-4668-BE54-9A1E7A4F7556}") = "RoyalCode.WorkContext.Abstractions", "RoyalCode.WorkContext.Abstractions\RoyalCode.WorkContext.Abstractions.csproj", "{D067CEAD-BE9E-4121-9288-A876A0EAE098}"
EndProject
Project("{9A19103F-16F7-4668-BE54-9A1E7A4F7556}") = "RoyalCode.Persistence.EntityFramework.Events", "RoyalCode.Persistence.EntityFramework.Events\RoyalCode.Persistence.EntityFramework.Events.csproj", "{28045EAE-D89A-43D5-957E-EAD89D506926}"
EndProject
Project("{9A19103F-16F7-4668-BE54-9A1E7A4F7556}") = "RoyalCode.Persistence.EntityFramework.UnitOfWork", "RoyalCode.Persistence.EntityFramework.UnitOfWork\RoyalCode.Persistence.EntityFramework.UnitOfWork.csproj", "{61A13F69-7346-4115-B517-976BADE0B926}"
EndProject
Project("{9A19103F-16F7-4668-BE54-9A1E7A4F7556}") = "RoyalCode.Persistence.EntityFramework.Repositories", "RoyalCode.Persistence.EntityFramework.Repositories\RoyalCode.Persistence.EntityFramework.Repositories.csproj", "{9B833B9C-92BB-43AB-A068-5C1317F08F82}"
EndProject
Project("{9A19103F-16F7-4668-BE54-9A1E7A4F7556}") = "RoyalCode.Searches.Persistence.EntityFramework", "RoyalCode.Persistence.EntityFramework.Searches\RoyalCode.Searches.Persistence.EntityFramework.csproj", "{176C0178-D576-4A66-AD4E-FD44CA75D765}"
EndProject
Project("{9A19103F-16F7-4668-BE54-9A1E7A4F7556}") = "RoyalCode.Persistence.EntityFramework.WorkContext", "RoyalCode.Persistence.EntityFramework.WorkContext\RoyalCode.Persistence.EntityFramework.WorkContext.csproj", "{95E28BC1-E43B-4BB0-8136-B27119509A24}"
EndProject
Project("{9A19103F-16F7-4668-BE54-9A1E7A4F7556}") = "RoyalCode.EntityFramework.StagedSaveChanges", "RoyalCode.EntityFramework.StagedSaveChanges\RoyalCode.EntityFramework.StagedSaveChanges.csproj", "{A851D07A-3480-4505-AEB4-83A5B61092E4}"
EndProject
Project("{9A19103F-16F7-4668-BE54-9A1E7A4F7556}") = "RoyalCode.OperationResult.Tests", "RoyalCode.OperationResult.Tests\RoyalCode.OperationResult.Tests.csproj", "{98D3C70B-512B-4D83-97F5-0286192E9E5B}"
EndProject
Project("{9A19103F-16F7-4668-BE54-9A1E7A4F7556}") = "RoyalCode.OperationResult.Http", "RoyalCode.OperationResult.Http\RoyalCode.OperationResult.Http.csproj", "{481DBEBD-2137-4153-A6FB-CA2801DFE94C}"
EndProject
Project("{9A19103F-16F7-4668-BE54-9A1E7A4F7556}") = "RoyalCode.OperationResult.ApiResults", "RoyalCode.OperationResult.ApiResults\RoyalCode.OperationResult.ApiResults.csproj", "{0067C422-E1DF-425A-94D3-AE662E3F96FA}"
EndProject
Project("{9A19103F-16F7-4668-BE54-9A1E7A4F7556}") = "RoyalCode.OperationResult.MvcResults", "RoyalCode.OperationResult.MvcResults\RoyalCode.OperationResult.MvcResults.csproj", "{ABD8C63B-2849-48F1-9479-7758594C9103}"
EndProject
Project("{9A19103F-16F7-4668-BE54-9A1E7A4F7556}") = "RoyalCode.OperationResult.FluentValidation", "RoyalCode.OperationResult.FluentValidation\RoyalCode.OperationResult.FluentValidation.csproj", "{6504A539-70EE-4C42-8166-4F675B784BEC}"
EndProject
Project("{2150E333-8FDC-42A3-9474-1A3956D46DE8}") = "Other Patterns", "Other Patterns", "{1C6A6956-9DA6-45C6-AADA-3E42CEA8F8E6}"
EndProject
Project("{2150E333-8FDC-42A3-9474-1A3956D46DE8}") = "Results", "Results", "{B6B07827-E084-4C89-8ED6-B3F014B7968B}"
EndProject
Project("{2150E333-8FDC-42A3-9474-1A3956D46DE8}") = "Libraries", "Libraries", "{8198A8B4-6CCB-4347-97C0-23AFFB879CA1}"
EndProject
Project("{9A19103F-16F7-4668-BE54-9A1E7A4F7556}") = "RoyalCode.Searches.Tests", "RoyalCode.Searches.Tests\RoyalCode.Searches.Tests.csproj", "{5FF17588-E88C-40B9-B02D-9AE396BF2D70}"
EndProject
Project("{9A19103F-16F7-4668-BE54-9A1E7A4F7556}") = "RoyalCode.OperationResult.ProblemDetails", "RoyalCode.OperationResult.ProblemDetails\RoyalCode.OperationResult.ProblemDetails.csproj", "{B56D09DB-1843-4DAC-9068-54A3A7B8FC54}"
EndProject
Project("{9A19103F-16F7-4668-BE54-9A1E7A4F7556}") = "RoyalCode.OperationResult.Serialization", "RoyalCode.OperationResult.Serialization\RoyalCode.OperationResult.Serialization.csproj", "{2788DA89-5643-41BF-9528-921ECF9DD21C}"
EndProject
Project("{9A19103F-16F7-4668-BE54-9A1E7A4F7556}") = "RoyalCode.Commands.Abstractions", "RoyalCode.Commands.Abstractions\RoyalCode.Commands.Abstractions.csproj", "{E3A5F862-236E-4F18-AF22-847F297DE7A3}"
EndProject
Project("{9A19103F-16F7-4668-BE54-9A1E7A4F7556}") = "RoyalCode.Commands.Tests", "RoyalCode.Commands.Tests\RoyalCode.Commands.Tests.csproj", "{95550B5A-64B5-4D19-AB69-D5004B091357}"
EndProject
Project("{9A19103F-16F7-4668-BE54-9A1E7A4F7556}") = "RoyalCode.Commands.Handlers", "RoyalCode.Commands.Handlers\RoyalCode.Commands.Handlers.csproj", "{158C26A7-315B-44ED-BC47-4F43A85FE5FB}"
EndProject
Project("{9A19103F-16F7-4668-BE54-9A1E7A4F7556}") = "RoyalCode.Commands.Automation", "RoyalCode.Commands.Automation\RoyalCode.Commands.Automation.csproj", "{E1FED657-EB01-460E-9AA8-B03761F0F884}"
EndProject
Project("{9A19103F-16F7-4668-BE54-9A1E7A4F7556}") = "RoyalCode.Commands.AspNetCore", "RoyalCode.Commands.AspNetCore\RoyalCode.Commands.AspNetCore.csproj", "{671A631E-884F-4F3F-8435-C6B3A7782F18}"
EndProject
Project("{2150E333-8FDC-42A3-9474-1A3956D46DE8}") = "Results", "Results", "{61EA8808-DA44-4352-AB00-DEE7F5988681}"
EndProject
Project("{9A19103F-16F7-4668-BE54-9A1E7A4F7556}") = "RoyalCode.OperationResult.TestApi", "RoyalCode.OpearationResult.TestApi\RoyalCode.OperationResult.TestApi.csproj", "{72952788-6EE6-4E43-9766-B55BA10AD0EE}"
EndProject
Project("{2150E333-8FDC-42A3-9474-1A3956D46DE8}") = "Searches", "Searches", "{39B801C7-9236-4637-A5F9-3AFCCA36BC71}"
EndProject
Project("{9A19103F-16F7-4668-BE54-9A1E7A4F7556}") = "RoyalCode.Searches.Persistence.Linq", "RoyalCode.Searches.Persistence.Linq\RoyalCode.Searches.Persistence.Linq.csproj", "{B918E699-F628-4E89-B982-7CBF5DED24CD}"
EndProject
Project("{9A19103F-16F7-4668-BE54-9A1E7A4F7556}") = "RoyalCode.OperationHint.Abstractions", "RoyalCode.OperationHint.Abstractions\RoyalCode.OperationHint.Abstractions.csproj", "{425B872B-ECE3-4691-A6C0-22FCD9474BBC}"
EndProject
Project("{9A19103F-16F7-4668-BE54-9A1E7A4F7556}") = "RoyalCode.OperationHint.Tests", "RoyalCode.OperationHint.Tests\RoyalCode.OperationHint.Tests.csproj", "{0960732A-D8DD-4C00-BFDB-23DF767028A9}"
EndProject
Project("{9A19103F-16F7-4668-BE54-9A1E7A4F7556}") = "RoyalCode.EntityFramework.OperationHint", "RoyalCode.EntityFramework.OperationHint\RoyalCode.EntityFramework.OperationHint.csproj", "{E79801A2-1F2A-4FDA-A9D6-99C18051D0D4}"
EndProject
Project("{2150E333-8FDC-42A3-9474-1A3956D46DE8}") = "UnitOfWork", "UnitOfWork", "{DD6336C0-C66B-44CD-9BEA-D9ED66EEC7BF}"
EndProject
Project("{2150E333-8FDC-42A3-9474-1A3956D46DE8}") = "Commands", "Commands", "{DE4106C5-D631-4B42-AB27-0103F5705693}"
EndProject
Global
	GlobalSection(SolutionConfigurationPlatforms) = preSolution
		Debug|Any CPU = Debug|Any CPU
		Release|Any CPU = Release|Any CPU
	EndGlobalSection
	GlobalSection(ProjectConfigurationPlatforms) = postSolution
		{32ED862A-FFC6-40A7-8BBA-0807AC5B7BE5}.Debug|Any CPU.ActiveCfg = Debug|Any CPU
		{32ED862A-FFC6-40A7-8BBA-0807AC5B7BE5}.Debug|Any CPU.Build.0 = Debug|Any CPU
		{32ED862A-FFC6-40A7-8BBA-0807AC5B7BE5}.Release|Any CPU.ActiveCfg = Release|Any CPU
		{32ED862A-FFC6-40A7-8BBA-0807AC5B7BE5}.Release|Any CPU.Build.0 = Release|Any CPU
		{E6E2DDCC-0629-4BBF-98E8-EECA1CA7A8A1}.Debug|Any CPU.ActiveCfg = Debug|Any CPU
		{E6E2DDCC-0629-4BBF-98E8-EECA1CA7A8A1}.Debug|Any CPU.Build.0 = Debug|Any CPU
		{E6E2DDCC-0629-4BBF-98E8-EECA1CA7A8A1}.Release|Any CPU.ActiveCfg = Release|Any CPU
		{E6E2DDCC-0629-4BBF-98E8-EECA1CA7A8A1}.Release|Any CPU.Build.0 = Release|Any CPU
		{9D8033FC-7CB8-40E0-97B2-81A710F920D1}.Debug|Any CPU.ActiveCfg = Debug|Any CPU
		{9D8033FC-7CB8-40E0-97B2-81A710F920D1}.Debug|Any CPU.Build.0 = Debug|Any CPU
		{9D8033FC-7CB8-40E0-97B2-81A710F920D1}.Release|Any CPU.ActiveCfg = Release|Any CPU
		{9D8033FC-7CB8-40E0-97B2-81A710F920D1}.Release|Any CPU.Build.0 = Release|Any CPU
		{9354412F-7A51-471A-A52E-86D766DE5ACA}.Debug|Any CPU.ActiveCfg = Debug|Any CPU
		{9354412F-7A51-471A-A52E-86D766DE5ACA}.Debug|Any CPU.Build.0 = Debug|Any CPU
		{9354412F-7A51-471A-A52E-86D766DE5ACA}.Release|Any CPU.ActiveCfg = Release|Any CPU
		{9354412F-7A51-471A-A52E-86D766DE5ACA}.Release|Any CPU.Build.0 = Release|Any CPU
		{0F585941-ACDB-46FA-B909-EA1FE71C7509}.Debug|Any CPU.ActiveCfg = Debug|Any CPU
		{0F585941-ACDB-46FA-B909-EA1FE71C7509}.Debug|Any CPU.Build.0 = Debug|Any CPU
		{0F585941-ACDB-46FA-B909-EA1FE71C7509}.Release|Any CPU.ActiveCfg = Release|Any CPU
		{0F585941-ACDB-46FA-B909-EA1FE71C7509}.Release|Any CPU.Build.0 = Release|Any CPU
		{C0E3C712-B100-4B63-8421-E75C74560107}.Debug|Any CPU.ActiveCfg = Debug|Any CPU
		{C0E3C712-B100-4B63-8421-E75C74560107}.Debug|Any CPU.Build.0 = Debug|Any CPU
		{C0E3C712-B100-4B63-8421-E75C74560107}.Release|Any CPU.ActiveCfg = Release|Any CPU
		{C0E3C712-B100-4B63-8421-E75C74560107}.Release|Any CPU.Build.0 = Release|Any CPU
		{AA0C1D81-67C3-45AD-BC6F-4BADEA8C0364}.Debug|Any CPU.ActiveCfg = Debug|Any CPU
		{AA0C1D81-67C3-45AD-BC6F-4BADEA8C0364}.Debug|Any CPU.Build.0 = Debug|Any CPU
		{AA0C1D81-67C3-45AD-BC6F-4BADEA8C0364}.Release|Any CPU.ActiveCfg = Release|Any CPU
		{AA0C1D81-67C3-45AD-BC6F-4BADEA8C0364}.Release|Any CPU.Build.0 = Release|Any CPU
		{2636C6E2-AA9F-4948-BF46-D0772F73D265}.Debug|Any CPU.ActiveCfg = Debug|Any CPU
		{2636C6E2-AA9F-4948-BF46-D0772F73D265}.Debug|Any CPU.Build.0 = Debug|Any CPU
		{2636C6E2-AA9F-4948-BF46-D0772F73D265}.Release|Any CPU.ActiveCfg = Release|Any CPU
		{2636C6E2-AA9F-4948-BF46-D0772F73D265}.Release|Any CPU.Build.0 = Release|Any CPU
		{1A528A8D-A794-41F4-A299-D00732B5D094}.Debug|Any CPU.ActiveCfg = Debug|Any CPU
		{1A528A8D-A794-41F4-A299-D00732B5D094}.Debug|Any CPU.Build.0 = Debug|Any CPU
		{1A528A8D-A794-41F4-A299-D00732B5D094}.Release|Any CPU.ActiveCfg = Release|Any CPU
		{1A528A8D-A794-41F4-A299-D00732B5D094}.Release|Any CPU.Build.0 = Release|Any CPU
		{D067CEAD-BE9E-4121-9288-A876A0EAE098}.Debug|Any CPU.ActiveCfg = Debug|Any CPU
		{D067CEAD-BE9E-4121-9288-A876A0EAE098}.Debug|Any CPU.Build.0 = Debug|Any CPU
		{D067CEAD-BE9E-4121-9288-A876A0EAE098}.Release|Any CPU.ActiveCfg = Release|Any CPU
		{D067CEAD-BE9E-4121-9288-A876A0EAE098}.Release|Any CPU.Build.0 = Release|Any CPU
		{28045EAE-D89A-43D5-957E-EAD89D506926}.Debug|Any CPU.ActiveCfg = Debug|Any CPU
		{28045EAE-D89A-43D5-957E-EAD89D506926}.Debug|Any CPU.Build.0 = Debug|Any CPU
		{28045EAE-D89A-43D5-957E-EAD89D506926}.Release|Any CPU.ActiveCfg = Release|Any CPU
		{28045EAE-D89A-43D5-957E-EAD89D506926}.Release|Any CPU.Build.0 = Release|Any CPU
		{61A13F69-7346-4115-B517-976BADE0B926}.Debug|Any CPU.ActiveCfg = Debug|Any CPU
		{61A13F69-7346-4115-B517-976BADE0B926}.Debug|Any CPU.Build.0 = Debug|Any CPU
		{61A13F69-7346-4115-B517-976BADE0B926}.Release|Any CPU.ActiveCfg = Release|Any CPU
		{61A13F69-7346-4115-B517-976BADE0B926}.Release|Any CPU.Build.0 = Release|Any CPU
		{9B833B9C-92BB-43AB-A068-5C1317F08F82}.Debug|Any CPU.ActiveCfg = Debug|Any CPU
		{9B833B9C-92BB-43AB-A068-5C1317F08F82}.Debug|Any CPU.Build.0 = Debug|Any CPU
		{9B833B9C-92BB-43AB-A068-5C1317F08F82}.Release|Any CPU.ActiveCfg = Release|Any CPU
		{9B833B9C-92BB-43AB-A068-5C1317F08F82}.Release|Any CPU.Build.0 = Release|Any CPU
		{176C0178-D576-4A66-AD4E-FD44CA75D765}.Debug|Any CPU.ActiveCfg = Debug|Any CPU
		{176C0178-D576-4A66-AD4E-FD44CA75D765}.Debug|Any CPU.Build.0 = Debug|Any CPU
		{176C0178-D576-4A66-AD4E-FD44CA75D765}.Release|Any CPU.ActiveCfg = Release|Any CPU
		{176C0178-D576-4A66-AD4E-FD44CA75D765}.Release|Any CPU.Build.0 = Release|Any CPU
		{95E28BC1-E43B-4BB0-8136-B27119509A24}.Debug|Any CPU.ActiveCfg = Debug|Any CPU
		{95E28BC1-E43B-4BB0-8136-B27119509A24}.Debug|Any CPU.Build.0 = Debug|Any CPU
		{95E28BC1-E43B-4BB0-8136-B27119509A24}.Release|Any CPU.ActiveCfg = Release|Any CPU
		{95E28BC1-E43B-4BB0-8136-B27119509A24}.Release|Any CPU.Build.0 = Release|Any CPU
		{A851D07A-3480-4505-AEB4-83A5B61092E4}.Debug|Any CPU.ActiveCfg = Debug|Any CPU
		{A851D07A-3480-4505-AEB4-83A5B61092E4}.Debug|Any CPU.Build.0 = Debug|Any CPU
		{A851D07A-3480-4505-AEB4-83A5B61092E4}.Release|Any CPU.ActiveCfg = Release|Any CPU
		{A851D07A-3480-4505-AEB4-83A5B61092E4}.Release|Any CPU.Build.0 = Release|Any CPU
		{98D3C70B-512B-4D83-97F5-0286192E9E5B}.Debug|Any CPU.ActiveCfg = Debug|Any CPU
		{98D3C70B-512B-4D83-97F5-0286192E9E5B}.Debug|Any CPU.Build.0 = Debug|Any CPU
		{98D3C70B-512B-4D83-97F5-0286192E9E5B}.Release|Any CPU.ActiveCfg = Release|Any CPU
		{98D3C70B-512B-4D83-97F5-0286192E9E5B}.Release|Any CPU.Build.0 = Release|Any CPU
		{481DBEBD-2137-4153-A6FB-CA2801DFE94C}.Debug|Any CPU.ActiveCfg = Debug|Any CPU
		{481DBEBD-2137-4153-A6FB-CA2801DFE94C}.Debug|Any CPU.Build.0 = Debug|Any CPU
		{481DBEBD-2137-4153-A6FB-CA2801DFE94C}.Release|Any CPU.ActiveCfg = Release|Any CPU
		{481DBEBD-2137-4153-A6FB-CA2801DFE94C}.Release|Any CPU.Build.0 = Release|Any CPU
		{0067C422-E1DF-425A-94D3-AE662E3F96FA}.Debug|Any CPU.ActiveCfg = Debug|Any CPU
		{0067C422-E1DF-425A-94D3-AE662E3F96FA}.Debug|Any CPU.Build.0 = Debug|Any CPU
		{0067C422-E1DF-425A-94D3-AE662E3F96FA}.Release|Any CPU.ActiveCfg = Release|Any CPU
		{0067C422-E1DF-425A-94D3-AE662E3F96FA}.Release|Any CPU.Build.0 = Release|Any CPU
		{ABD8C63B-2849-48F1-9479-7758594C9103}.Debug|Any CPU.ActiveCfg = Debug|Any CPU
		{ABD8C63B-2849-48F1-9479-7758594C9103}.Debug|Any CPU.Build.0 = Debug|Any CPU
		{ABD8C63B-2849-48F1-9479-7758594C9103}.Release|Any CPU.ActiveCfg = Release|Any CPU
		{ABD8C63B-2849-48F1-9479-7758594C9103}.Release|Any CPU.Build.0 = Release|Any CPU
		{6504A539-70EE-4C42-8166-4F675B784BEC}.Debug|Any CPU.ActiveCfg = Debug|Any CPU
		{6504A539-70EE-4C42-8166-4F675B784BEC}.Debug|Any CPU.Build.0 = Debug|Any CPU
		{6504A539-70EE-4C42-8166-4F675B784BEC}.Release|Any CPU.ActiveCfg = Release|Any CPU
		{6504A539-70EE-4C42-8166-4F675B784BEC}.Release|Any CPU.Build.0 = Release|Any CPU
		{5FF17588-E88C-40B9-B02D-9AE396BF2D70}.Debug|Any CPU.ActiveCfg = Debug|Any CPU
		{5FF17588-E88C-40B9-B02D-9AE396BF2D70}.Debug|Any CPU.Build.0 = Debug|Any CPU
		{5FF17588-E88C-40B9-B02D-9AE396BF2D70}.Release|Any CPU.ActiveCfg = Release|Any CPU
		{5FF17588-E88C-40B9-B02D-9AE396BF2D70}.Release|Any CPU.Build.0 = Release|Any CPU
		{B56D09DB-1843-4DAC-9068-54A3A7B8FC54}.Debug|Any CPU.ActiveCfg = Debug|Any CPU
		{B56D09DB-1843-4DAC-9068-54A3A7B8FC54}.Debug|Any CPU.Build.0 = Debug|Any CPU
		{B56D09DB-1843-4DAC-9068-54A3A7B8FC54}.Release|Any CPU.ActiveCfg = Release|Any CPU
		{B56D09DB-1843-4DAC-9068-54A3A7B8FC54}.Release|Any CPU.Build.0 = Release|Any CPU
		{2788DA89-5643-41BF-9528-921ECF9DD21C}.Debug|Any CPU.ActiveCfg = Debug|Any CPU
		{2788DA89-5643-41BF-9528-921ECF9DD21C}.Debug|Any CPU.Build.0 = Debug|Any CPU
		{2788DA89-5643-41BF-9528-921ECF9DD21C}.Release|Any CPU.ActiveCfg = Release|Any CPU
		{2788DA89-5643-41BF-9528-921ECF9DD21C}.Release|Any CPU.Build.0 = Release|Any CPU
		{E3A5F862-236E-4F18-AF22-847F297DE7A3}.Debug|Any CPU.ActiveCfg = Debug|Any CPU
		{E3A5F862-236E-4F18-AF22-847F297DE7A3}.Debug|Any CPU.Build.0 = Debug|Any CPU
		{E3A5F862-236E-4F18-AF22-847F297DE7A3}.Release|Any CPU.ActiveCfg = Release|Any CPU
		{E3A5F862-236E-4F18-AF22-847F297DE7A3}.Release|Any CPU.Build.0 = Release|Any CPU
		{95550B5A-64B5-4D19-AB69-D5004B091357}.Debug|Any CPU.ActiveCfg = Debug|Any CPU
		{95550B5A-64B5-4D19-AB69-D5004B091357}.Debug|Any CPU.Build.0 = Debug|Any CPU
		{95550B5A-64B5-4D19-AB69-D5004B091357}.Release|Any CPU.ActiveCfg = Release|Any CPU
		{95550B5A-64B5-4D19-AB69-D5004B091357}.Release|Any CPU.Build.0 = Release|Any CPU
		{158C26A7-315B-44ED-BC47-4F43A85FE5FB}.Debug|Any CPU.ActiveCfg = Debug|Any CPU
		{158C26A7-315B-44ED-BC47-4F43A85FE5FB}.Debug|Any CPU.Build.0 = Debug|Any CPU
		{158C26A7-315B-44ED-BC47-4F43A85FE5FB}.Release|Any CPU.ActiveCfg = Release|Any CPU
		{158C26A7-315B-44ED-BC47-4F43A85FE5FB}.Release|Any CPU.Build.0 = Release|Any CPU
		{E1FED657-EB01-460E-9AA8-B03761F0F884}.Debug|Any CPU.ActiveCfg = Debug|Any CPU
		{E1FED657-EB01-460E-9AA8-B03761F0F884}.Debug|Any CPU.Build.0 = Debug|Any CPU
		{E1FED657-EB01-460E-9AA8-B03761F0F884}.Release|Any CPU.ActiveCfg = Release|Any CPU
		{E1FED657-EB01-460E-9AA8-B03761F0F884}.Release|Any CPU.Build.0 = Release|Any CPU
		{671A631E-884F-4F3F-8435-C6B3A7782F18}.Debug|Any CPU.ActiveCfg = Debug|Any CPU
		{671A631E-884F-4F3F-8435-C6B3A7782F18}.Debug|Any CPU.Build.0 = Debug|Any CPU
		{671A631E-884F-4F3F-8435-C6B3A7782F18}.Release|Any CPU.ActiveCfg = Release|Any CPU
		{671A631E-884F-4F3F-8435-C6B3A7782F18}.Release|Any CPU.Build.0 = Release|Any CPU
		{72952788-6EE6-4E43-9766-B55BA10AD0EE}.Debug|Any CPU.ActiveCfg = Debug|Any CPU
		{72952788-6EE6-4E43-9766-B55BA10AD0EE}.Debug|Any CPU.Build.0 = Debug|Any CPU
		{72952788-6EE6-4E43-9766-B55BA10AD0EE}.Release|Any CPU.ActiveCfg = Release|Any CPU
		{72952788-6EE6-4E43-9766-B55BA10AD0EE}.Release|Any CPU.Build.0 = Release|Any CPU
		{B918E699-F628-4E89-B982-7CBF5DED24CD}.Debug|Any CPU.ActiveCfg = Debug|Any CPU
		{B918E699-F628-4E89-B982-7CBF5DED24CD}.Debug|Any CPU.Build.0 = Debug|Any CPU
		{B918E699-F628-4E89-B982-7CBF5DED24CD}.Release|Any CPU.ActiveCfg = Release|Any CPU
		{B918E699-F628-4E89-B982-7CBF5DED24CD}.Release|Any CPU.Build.0 = Release|Any CPU
		{425B872B-ECE3-4691-A6C0-22FCD9474BBC}.Debug|Any CPU.ActiveCfg = Debug|Any CPU
		{425B872B-ECE3-4691-A6C0-22FCD9474BBC}.Debug|Any CPU.Build.0 = Debug|Any CPU
		{425B872B-ECE3-4691-A6C0-22FCD9474BBC}.Release|Any CPU.ActiveCfg = Release|Any CPU
		{425B872B-ECE3-4691-A6C0-22FCD9474BBC}.Release|Any CPU.Build.0 = Release|Any CPU
		{0960732A-D8DD-4C00-BFDB-23DF767028A9}.Debug|Any CPU.ActiveCfg = Debug|Any CPU
		{0960732A-D8DD-4C00-BFDB-23DF767028A9}.Debug|Any CPU.Build.0 = Debug|Any CPU
		{0960732A-D8DD-4C00-BFDB-23DF767028A9}.Release|Any CPU.ActiveCfg = Release|Any CPU
		{0960732A-D8DD-4C00-BFDB-23DF767028A9}.Release|Any CPU.Build.0 = Release|Any CPU
		{E79801A2-1F2A-4FDA-A9D6-99C18051D0D4}.Debug|Any CPU.ActiveCfg = Debug|Any CPU
		{E79801A2-1F2A-4FDA-A9D6-99C18051D0D4}.Debug|Any CPU.Build.0 = Debug|Any CPU
		{E79801A2-1F2A-4FDA-A9D6-99C18051D0D4}.Release|Any CPU.ActiveCfg = Release|Any CPU
		{E79801A2-1F2A-4FDA-A9D6-99C18051D0D4}.Release|Any CPU.Build.0 = Release|Any CPU
	EndGlobalSection
	GlobalSection(SolutionProperties) = preSolution
		HideSolutionNode = FALSE
	EndGlobalSection
	GlobalSection(NestedProjects) = preSolution
		{32ED862A-FFC6-40A7-8BBA-0807AC5B7BE5} = {3EED25DE-FBB1-4451-8F44-D072B43A2D66}
		{E6E2DDCC-0629-4BBF-98E8-EECA1CA7A8A1} = {3EED25DE-FBB1-4451-8F44-D072B43A2D66}
		{9D8033FC-7CB8-40E0-97B2-81A710F920D1} = {3EED25DE-FBB1-4451-8F44-D072B43A2D66}
		{9354412F-7A51-471A-A52E-86D766DE5ACA} = {3EED25DE-FBB1-4451-8F44-D072B43A2D66}
		{3EED25DE-FBB1-4451-8F44-D072B43A2D66} = {A54A32AB-DA08-4825-A246-DE5A8C69D588}
		{4847AB47-2B45-4A3A-BF3B-7F010F21ED86} = {A54A32AB-DA08-4825-A246-DE5A8C69D588}
		{0F585941-ACDB-46FA-B909-EA1FE71C7509} = {DD6336C0-C66B-44CD-9BEA-D9ED66EEC7BF}
		{C0E3C712-B100-4B63-8421-E75C74560107} = {B6B07827-E084-4C89-8ED6-B3F014B7968B}
		{AA0C1D81-67C3-45AD-BC6F-4BADEA8C0364} = {39B801C7-9236-4637-A5F9-3AFCCA36BC71}
		{2636C6E2-AA9F-4948-BF46-D0772F73D265} = {D91CABB8-AE3F-4FE8-B8E3-DEDBD6C2EDB6}
		{1A528A8D-A794-41F4-A299-D00732B5D094} = {39B801C7-9236-4637-A5F9-3AFCCA36BC71}
		{D067CEAD-BE9E-4121-9288-A876A0EAE098} = {DD6336C0-C66B-44CD-9BEA-D9ED66EEC7BF}
		{28045EAE-D89A-43D5-957E-EAD89D506926} = {DD6336C0-C66B-44CD-9BEA-D9ED66EEC7BF}
		{61A13F69-7346-4115-B517-976BADE0B926} = {DD6336C0-C66B-44CD-9BEA-D9ED66EEC7BF}
		{9B833B9C-92BB-43AB-A068-5C1317F08F82} = {DD6336C0-C66B-44CD-9BEA-D9ED66EEC7BF}
		{176C0178-D576-4A66-AD4E-FD44CA75D765} = {39B801C7-9236-4637-A5F9-3AFCCA36BC71}
		{95E28BC1-E43B-4BB0-8136-B27119509A24} = {DD6336C0-C66B-44CD-9BEA-D9ED66EEC7BF}
		{A851D07A-3480-4505-AEB4-83A5B61092E4} = {8198A8B4-6CCB-4347-97C0-23AFFB879CA1}
		{98D3C70B-512B-4D83-97F5-0286192E9E5B} = {61EA8808-DA44-4352-AB00-DEE7F5988681}
		{481DBEBD-2137-4153-A6FB-CA2801DFE94C} = {B6B07827-E084-4C89-8ED6-B3F014B7968B}
		{0067C422-E1DF-425A-94D3-AE662E3F96FA} = {B6B07827-E084-4C89-8ED6-B3F014B7968B}
		{ABD8C63B-2849-48F1-9479-7758594C9103} = {B6B07827-E084-4C89-8ED6-B3F014B7968B}
		{6504A539-70EE-4C42-8166-4F675B784BEC} = {B6B07827-E084-4C89-8ED6-B3F014B7968B}
		{1C6A6956-9DA6-45C6-AADA-3E42CEA8F8E6} = {A54A32AB-DA08-4825-A246-DE5A8C69D588}
		{B6B07827-E084-4C89-8ED6-B3F014B7968B} = {1C6A6956-9DA6-45C6-AADA-3E42CEA8F8E6}
		{8198A8B4-6CCB-4347-97C0-23AFFB879CA1} = {A54A32AB-DA08-4825-A246-DE5A8C69D588}
		{5FF17588-E88C-40B9-B02D-9AE396BF2D70} = {D91CABB8-AE3F-4FE8-B8E3-DEDBD6C2EDB6}
		{B56D09DB-1843-4DAC-9068-54A3A7B8FC54} = {B6B07827-E084-4C89-8ED6-B3F014B7968B}
		{2788DA89-5643-41BF-9528-921ECF9DD21C} = {B6B07827-E084-4C89-8ED6-B3F014B7968B}
		{E3A5F862-236E-4F18-AF22-847F297DE7A3} = {DE4106C5-D631-4B42-AB27-0103F5705693}
		{95550B5A-64B5-4D19-AB69-D5004B091357} = {D91CABB8-AE3F-4FE8-B8E3-DEDBD6C2EDB6}
		{158C26A7-315B-44ED-BC47-4F43A85FE5FB} = {DE4106C5-D631-4B42-AB27-0103F5705693}
		{E1FED657-EB01-460E-9AA8-B03761F0F884} = {DE4106C5-D631-4B42-AB27-0103F5705693}
		{671A631E-884F-4F3F-8435-C6B3A7782F18} = {DE4106C5-D631-4B42-AB27-0103F5705693}
		{61EA8808-DA44-4352-AB00-DEE7F5988681} = {D91CABB8-AE3F-4FE8-B8E3-DEDBD6C2EDB6}
		{72952788-6EE6-4E43-9766-B55BA10AD0EE} = {61EA8808-DA44-4352-AB00-DEE7F5988681}
		{39B801C7-9236-4637-A5F9-3AFCCA36BC71} = {1C6A6956-9DA6-45C6-AADA-3E42CEA8F8E6}
		{B918E699-F628-4E89-B982-7CBF5DED24CD} = {39B801C7-9236-4637-A5F9-3AFCCA36BC71}
		{425B872B-ECE3-4691-A6C0-22FCD9474BBC} = {1C6A6956-9DA6-45C6-AADA-3E42CEA8F8E6}
		{0960732A-D8DD-4C00-BFDB-23DF767028A9} = {D91CABB8-AE3F-4FE8-B8E3-DEDBD6C2EDB6}
		{E79801A2-1F2A-4FDA-A9D6-99C18051D0D4} = {8198A8B4-6CCB-4347-97C0-23AFFB879CA1}
		{DD6336C0-C66B-44CD-9BEA-D9ED66EEC7BF} = {4847AB47-2B45-4A3A-BF3B-7F010F21ED86}
		{DE4106C5-D631-4B42-AB27-0103F5705693} = {4847AB47-2B45-4A3A-BF3B-7F010F21ED86}
	EndGlobalSection
	GlobalSection(ExtensibilityGlobals) = postSolution
		SolutionGuid = {9FAC6C2E-62DE-4665-BB16-4E7D445FAB26}
	EndGlobalSection
EndGlobal
