
Microsoft Visual Studio Solution File, Format Version 12.00
# Visual Studio Version 17
VisualStudioVersion = 17.1.31911.260
MinimumVisualStudioVersion = 10.0.40219.1
Project("{9A19103F-16F7-4668-BE54-9A1E7A4F7556}") = "RoyalCode.Repositories.Abstractions", "RoyalCode.Repositories.Abstractions\RoyalCode.Repositories.Abstractions.csproj", "{32ED862A-FFC6-40A7-8BBA-0807AC5B7BE5}"
EndProject
Project("{2150E333-8FDC-42A3-9474-1A3956D46DE8}") = ".items", ".items", "{B6D9A130-5359-4A71-A97B-703364D34B97}"
	ProjectSection(SolutionItems) = preProject
		aspnet-versions.targets = aspnet-versions.targets
		base.targets = base.targets
		lib-versions.targets = lib-versions.targets
	EndProjectSection
EndProject
Project("{9A19103F-16F7-4668-BE54-9A1E7A4F7556}") = "RoyalCode.Entities", "RoyalCode.Entities\RoyalCode.Entities.csproj", "{E6E2DDCC-0629-4BBF-98E8-EECA1CA7A8A1}"
EndProject
Project("{9A19103F-16F7-4668-BE54-9A1E7A4F7556}") = "RoyalCode.DomainEvents", "RoyalCode.DomainEvents\RoyalCode.DomainEvents.csproj", "{9D8033FC-7CB8-40E0-97B2-81A710F920D1}"
EndProject
Project("{9A19103F-16F7-4668-BE54-9A1E7A4F7556}") = "RoyalCode.Aggregates", "RoyalCode.Aggregates\RoyalCode.Aggregates.csproj", "{9354412F-7A51-471A-A52E-86D766DE5ACA}"
EndProject
Project("{2150E333-8FDC-42A3-9474-1A3956D46DE8}") = "Domain Layer Patterns", "Domain Layer Patterns", "{3EED25DE-FBB1-4451-8F44-D072B43A2D66}"
EndProject
Project("{2150E333-8FDC-42A3-9474-1A3956D46DE8}") = "Application Layer Patterns", "Application Layer Patterns", "{4847AB47-2B45-4A3A-BF3B-7F010F21ED86}"
EndProject
Project("{9A19103F-16F7-4668-BE54-9A1E7A4F7556}") = "RoyalCode.UnitOfWork.Abstractions", "RoyalCode.UnitOfWork.Abstractions\RoyalCode.UnitOfWork.Abstractions.csproj", "{0F585941-ACDB-46FA-B909-EA1FE71C7509}"
EndProject
Project("{9A19103F-16F7-4668-BE54-9A1E7A4F7556}") = "RoyalCode.OperationResult", "RoyalCode.OperationResult\RoyalCode.OperationResult.csproj", "{C0E3C712-B100-4B63-8421-E75C74560107}"
EndProject
Project("{2150E333-8FDC-42A3-9474-1A3956D46DE8}") = "Libs", "Libs", "{A54A32AB-DA08-4825-A246-DE5A8C69D588}"
EndProject
Project("{2150E333-8FDC-42A3-9474-1A3956D46DE8}") = "Tests", "Tests", "{D91CABB8-AE3F-4FE8-B8E3-DEDBD6C2EDB6}"
EndProject
Project("{9A19103F-16F7-4668-BE54-9A1E7A4F7556}") = "RoyalCode.Searches.Abstractions", "RoyalCode.Searches.Abstractions\RoyalCode.Searches.Abstractions.csproj", "{AA0C1D81-67C3-45AD-BC6F-4BADEA8C0364}"
EndProject
Project("{2150E333-8FDC-42A3-9474-1A3956D46DE8}") = "Infrastructure Layer Patterns", "Infrastructure Layer Patterns", "{BC2C235F-E382-4286-8BB3-8C8E590D81F2}"
EndProject
Project("{9A19103F-16F7-4668-BE54-9A1E7A4F7556}") = "RoyalCode.Persistence.Tests", "RoyalCode.Persistence.Tests\RoyalCode.Persistence.Tests.csproj", "{2636C6E2-AA9F-4948-BF46-D0772F73D265}"
EndProject
Project("{9A19103F-16F7-4668-BE54-9A1E7A4F7556}") = "RoyalCode.Persistence.Searches.Abstractions", "RoyalCode.Persistence.Searches.Abstractions\RoyalCode.Persistence.Searches.Abstractions.csproj", "{1A528A8D-A794-41F4-A299-D00732B5D094}"
EndProject
Project("{9A19103F-16F7-4668-BE54-9A1E7A4F7556}") = "RoyalCode.WorkContext.Abstractions", "RoyalCode.WorkContext.Abstractions\RoyalCode.WorkContext.Abstractions.csproj", "{D067CEAD-BE9E-4121-9288-A876A0EAE098}"
EndProject
Project("{9A19103F-16F7-4668-BE54-9A1E7A4F7556}") = "RoyalCode.Persistence.EntityFramework.Events", "RoyalCode.Persistence.EntityFramework.Events\RoyalCode.Persistence.EntityFramework.Events.csproj", "{28045EAE-D89A-43D5-957E-EAD89D506926}"
EndProject
Project("{2150E333-8FDC-42A3-9474-1A3956D46DE8}") = "Persistence", "Persistence", "{25C85B1A-CE30-4D3B-AFDD-F1C05AB9DF4C}"
EndProject
Project("{2150E333-8FDC-42A3-9474-1A3956D46DE8}") = "Abstactions", "Abstactions", "{EDD3DF19-2CFA-42A7-B8A5-D53607C1C847}"
EndProject
Project("{2150E333-8FDC-42A3-9474-1A3956D46DE8}") = "EntityFramework", "EntityFramework", "{8E196618-6DB1-4DB6-AE55-49F003088484}"
EndProject
Project("{9A19103F-16F7-4668-BE54-9A1E7A4F7556}") = "RoyalCode.Persistence.EntityFramework.UnitOfWork", "RoyalCode.Persistence.EntityFramework.UnitOfWork\RoyalCode.Persistence.EntityFramework.UnitOfWork.csproj", "{61A13F69-7346-4115-B517-976BADE0B926}"
EndProject
Project("{9A19103F-16F7-4668-BE54-9A1E7A4F7556}") = "RoyalCode.Persistence.EntityFramework.Repositories", "RoyalCode.Persistence.EntityFramework.Repositories\RoyalCode.Persistence.EntityFramework.Repositories.csproj", "{9B833B9C-92BB-43AB-A068-5C1317F08F82}"
EndProject
Project("{9A19103F-16F7-4668-BE54-9A1E7A4F7556}") = "RoyalCode.Persistence.EntityFramework.Searches", "RoyalCode.Persistence.EntityFramework.Searches\RoyalCode.Persistence.EntityFramework.Searches.csproj", "{176C0178-D576-4A66-AD4E-FD44CA75D765}"
EndProject
Project("{9A19103F-16F7-4668-BE54-9A1E7A4F7556}") = "RoyalCode.Persistence.EntityFramework.WorkContext", "RoyalCode.Persistence.EntityFramework.WorkContext\RoyalCode.Persistence.EntityFramework.WorkContext.csproj", "{95E28BC1-E43B-4BB0-8136-B27119509A24}"
EndProject
Project("{9A19103F-16F7-4668-BE54-9A1E7A4F7556}") = "RoyalCode.EntityFramework.StagedSaveChanges", "RoyalCode.EntityFramework.StagedSaveChanges\RoyalCode.EntityFramework.StagedSaveChanges.csproj", "{A851D07A-3480-4505-AEB4-83A5B61092E4}"
EndProject
Project("{2150E333-8FDC-42A3-9474-1A3956D46DE8}") = "Libraries", "Libraries", "{F63F6673-DA10-41A4-9E01-02AC5125A0C9}"
EndProject
Project("{9A19103F-16F7-4668-BE54-9A1E7A4F7556}") = "RoyalCode.OperationResult.Tests", "RoyalCode.OperationResult.Tests\RoyalCode.OperationResult.Tests.csproj", "{98D3C70B-512B-4D83-97F5-0286192E9E5B}"
EndProject
Project("{2150E333-8FDC-42A3-9474-1A3956D46DE8}") = "Http", "Http", "{E08AE8FB-8B8C-4910-8E6B-71124505D09B}"
EndProject
Project("{FAE04EC0-301F-11D3-BF4B-00C04F79EFBC}") = "RoyalCode.OperationResult.Http", "RoyalCode.OperationResult.Http\RoyalCode.OperationResult.Http.csproj", "{481DBEBD-2137-4153-A6FB-CA2801DFE94C}"
EndProject
Global
	GlobalSection(SolutionConfigurationPlatforms) = preSolution
		Debug|Any CPU = Debug|Any CPU
		Release|Any CPU = Release|Any CPU
	EndGlobalSection
	GlobalSection(ProjectConfigurationPlatforms) = postSolution
		{32ED862A-FFC6-40A7-8BBA-0807AC5B7BE5}.Debug|Any CPU.ActiveCfg = Debug|Any CPU
		{32ED862A-FFC6-40A7-8BBA-0807AC5B7BE5}.Debug|Any CPU.Build.0 = Debug|Any CPU
		{32ED862A-FFC6-40A7-8BBA-0807AC5B7BE5}.Release|Any CPU.ActiveCfg = Release|Any CPU
		{32ED862A-FFC6-40A7-8BBA-0807AC5B7BE5}.Release|Any CPU.Build.0 = Release|Any CPU
		{E6E2DDCC-0629-4BBF-98E8-EECA1CA7A8A1}.Debug|Any CPU.ActiveCfg = Debug|Any CPU
		{E6E2DDCC-0629-4BBF-98E8-EECA1CA7A8A1}.Debug|Any CPU.Build.0 = Debug|Any CPU
		{E6E2DDCC-0629-4BBF-98E8-EECA1CA7A8A1}.Release|Any CPU.ActiveCfg = Release|Any CPU
		{E6E2DDCC-0629-4BBF-98E8-EECA1CA7A8A1}.Release|Any CPU.Build.0 = Release|Any CPU
		{9D8033FC-7CB8-40E0-97B2-81A710F920D1}.Debug|Any CPU.ActiveCfg = Debug|Any CPU
		{9D8033FC-7CB8-40E0-97B2-81A710F920D1}.Debug|Any CPU.Build.0 = Debug|Any CPU
		{9D8033FC-7CB8-40E0-97B2-81A710F920D1}.Release|Any CPU.ActiveCfg = Release|Any CPU
		{9D8033FC-7CB8-40E0-97B2-81A710F920D1}.Release|Any CPU.Build.0 = Release|Any CPU
		{9354412F-7A51-471A-A52E-86D766DE5ACA}.Debug|Any CPU.ActiveCfg = Debug|Any CPU
		{9354412F-7A51-471A-A52E-86D766DE5ACA}.Debug|Any CPU.Build.0 = Debug|Any CPU
		{9354412F-7A51-471A-A52E-86D766DE5ACA}.Release|Any CPU.ActiveCfg = Release|Any CPU
		{9354412F-7A51-471A-A52E-86D766DE5ACA}.Release|Any CPU.Build.0 = Release|Any CPU
		{0F585941-ACDB-46FA-B909-EA1FE71C7509}.Debug|Any CPU.ActiveCfg = Debug|Any CPU
		{0F585941-ACDB-46FA-B909-EA1FE71C7509}.Debug|Any CPU.Build.0 = Debug|Any CPU
		{0F585941-ACDB-46FA-B909-EA1FE71C7509}.Release|Any CPU.ActiveCfg = Release|Any CPU
		{0F585941-ACDB-46FA-B909-EA1FE71C7509}.Release|Any CPU.Build.0 = Release|Any CPU
		{C0E3C712-B100-4B63-8421-E75C74560107}.Debug|Any CPU.ActiveCfg = Debug|Any CPU
		{C0E3C712-B100-4B63-8421-E75C74560107}.Debug|Any CPU.Build.0 = Debug|Any CPU
		{C0E3C712-B100-4B63-8421-E75C74560107}.Release|Any CPU.ActiveCfg = Release|Any CPU
		{C0E3C712-B100-4B63-8421-E75C74560107}.Release|Any CPU.Build.0 = Release|Any CPU
		{AA0C1D81-67C3-45AD-BC6F-4BADEA8C0364}.Debug|Any CPU.ActiveCfg = Debug|Any CPU
		{AA0C1D81-67C3-45AD-BC6F-4BADEA8C0364}.Debug|Any CPU.Build.0 = Debug|Any CPU
		{AA0C1D81-67C3-45AD-BC6F-4BADEA8C0364}.Release|Any CPU.ActiveCfg = Release|Any CPU
		{AA0C1D81-67C3-45AD-BC6F-4BADEA8C0364}.Release|Any CPU.Build.0 = Release|Any CPU
		{2636C6E2-AA9F-4948-BF46-D0772F73D265}.Debug|Any CPU.ActiveCfg = Debug|Any CPU
		{2636C6E2-AA9F-4948-BF46-D0772F73D265}.Debug|Any CPU.Build.0 = Debug|Any CPU
		{2636C6E2-AA9F-4948-BF46-D0772F73D265}.Release|Any CPU.ActiveCfg = Release|Any CPU
		{2636C6E2-AA9F-4948-BF46-D0772F73D265}.Release|Any CPU.Build.0 = Release|Any CPU
		{1A528A8D-A794-41F4-A299-D00732B5D094}.Debug|Any CPU.ActiveCfg = Debug|Any CPU
		{1A528A8D-A794-41F4-A299-D00732B5D094}.Debug|Any CPU.Build.0 = Debug|Any CPU
		{1A528A8D-A794-41F4-A299-D00732B5D094}.Release|Any CPU.ActiveCfg = Release|Any CPU
		{1A528A8D-A794-41F4-A299-D00732B5D094}.Release|Any CPU.Build.0 = Release|Any CPU
		{D067CEAD-BE9E-4121-9288-A876A0EAE098}.Debug|Any CPU.ActiveCfg = Debug|Any CPU
		{D067CEAD-BE9E-4121-9288-A876A0EAE098}.Debug|Any CPU.Build.0 = Debug|Any CPU
		{D067CEAD-BE9E-4121-9288-A876A0EAE098}.Release|Any CPU.ActiveCfg = Release|Any CPU
		{D067CEAD-BE9E-4121-9288-A876A0EAE098}.Release|Any CPU.Build.0 = Release|Any CPU
		{28045EAE-D89A-43D5-957E-EAD89D506926}.Debug|Any CPU.ActiveCfg = Debug|Any CPU
		{28045EAE-D89A-43D5-957E-EAD89D506926}.Debug|Any CPU.Build.0 = Debug|Any CPU
		{28045EAE-D89A-43D5-957E-EAD89D506926}.Release|Any CPU.ActiveCfg = Release|Any CPU
		{28045EAE-D89A-43D5-957E-EAD89D506926}.Release|Any CPU.Build.0 = Release|Any CPU
		{61A13F69-7346-4115-B517-976BADE0B926}.Debug|Any CPU.ActiveCfg = Debug|Any CPU
		{61A13F69-7346-4115-B517-976BADE0B926}.Debug|Any CPU.Build.0 = Debug|Any CPU
		{61A13F69-7346-4115-B517-976BADE0B926}.Release|Any CPU.ActiveCfg = Release|Any CPU
		{61A13F69-7346-4115-B517-976BADE0B926}.Release|Any CPU.Build.0 = Release|Any CPU
		{9B833B9C-92BB-43AB-A068-5C1317F08F82}.Debug|Any CPU.ActiveCfg = Debug|Any CPU
		{9B833B9C-92BB-43AB-A068-5C1317F08F82}.Debug|Any CPU.Build.0 = Debug|Any CPU
		{9B833B9C-92BB-43AB-A068-5C1317F08F82}.Release|Any CPU.ActiveCfg = Release|Any CPU
		{9B833B9C-92BB-43AB-A068-5C1317F08F82}.Release|Any CPU.Build.0 = Release|Any CPU
		{176C0178-D576-4A66-AD4E-FD44CA75D765}.Debug|Any CPU.ActiveCfg = Debug|Any CPU
		{176C0178-D576-4A66-AD4E-FD44CA75D765}.Debug|Any CPU.Build.0 = Debug|Any CPU
		{176C0178-D576-4A66-AD4E-FD44CA75D765}.Release|Any CPU.ActiveCfg = Release|Any CPU
		{176C0178-D576-4A66-AD4E-FD44CA75D765}.Release|Any CPU.Build.0 = Release|Any CPU
		{95E28BC1-E43B-4BB0-8136-B27119509A24}.Debug|Any CPU.ActiveCfg = Debug|Any CPU
		{95E28BC1-E43B-4BB0-8136-B27119509A24}.Debug|Any CPU.Build.0 = Debug|Any CPU
		{95E28BC1-E43B-4BB0-8136-B27119509A24}.Release|Any CPU.ActiveCfg = Release|Any CPU
		{95E28BC1-E43B-4BB0-8136-B27119509A24}.Release|Any CPU.Build.0 = Release|Any CPU
		{A851D07A-3480-4505-AEB4-83A5B61092E4}.Debug|Any CPU.ActiveCfg = Debug|Any CPU
		{A851D07A-3480-4505-AEB4-83A5B61092E4}.Debug|Any CPU.Build.0 = Debug|Any CPU
		{A851D07A-3480-4505-AEB4-83A5B61092E4}.Release|Any CPU.ActiveCfg = Release|Any CPU
		{A851D07A-3480-4505-AEB4-83A5B61092E4}.Release|Any CPU.Build.0 = Release|Any CPU
		{98D3C70B-512B-4D83-97F5-0286192E9E5B}.Debug|Any CPU.ActiveCfg = Debug|Any CPU
		{98D3C70B-512B-4D83-97F5-0286192E9E5B}.Debug|Any CPU.Build.0 = Debug|Any CPU
		{98D3C70B-512B-4D83-97F5-0286192E9E5B}.Release|Any CPU.ActiveCfg = Release|Any CPU
		{98D3C70B-512B-4D83-97F5-0286192E9E5B}.Release|Any CPU.Build.0 = Release|Any CPU
		{481DBEBD-2137-4153-A6FB-CA2801DFE94C}.Debug|Any CPU.ActiveCfg = Debug|Any CPU
		{481DBEBD-2137-4153-A6FB-CA2801DFE94C}.Debug|Any CPU.Build.0 = Debug|Any CPU
		{481DBEBD-2137-4153-A6FB-CA2801DFE94C}.Release|Any CPU.ActiveCfg = Release|Any CPU
		{481DBEBD-2137-4153-A6FB-CA2801DFE94C}.Release|Any CPU.Build.0 = Release|Any CPU
	EndGlobalSection
	GlobalSection(SolutionProperties) = preSolution
		HideSolutionNode = FALSE
	EndGlobalSection
	GlobalSection(NestedProjects) = preSolution
		{32ED862A-FFC6-40A7-8BBA-0807AC5B7BE5} = {3EED25DE-FBB1-4451-8F44-D072B43A2D66}
		{E6E2DDCC-0629-4BBF-98E8-EECA1CA7A8A1} = {3EED25DE-FBB1-4451-8F44-D072B43A2D66}
		{9D8033FC-7CB8-40E0-97B2-81A710F920D1} = {3EED25DE-FBB1-4451-8F44-D072B43A2D66}
		{9354412F-7A51-471A-A52E-86D766DE5ACA} = {3EED25DE-FBB1-4451-8F44-D072B43A2D66}
		{3EED25DE-FBB1-4451-8F44-D072B43A2D66} = {A54A32AB-DA08-4825-A246-DE5A8C69D588}
		{4847AB47-2B45-4A3A-BF3B-7F010F21ED86} = {A54A32AB-DA08-4825-A246-DE5A8C69D588}
		{0F585941-ACDB-46FA-B909-EA1FE71C7509} = {4847AB47-2B45-4A3A-BF3B-7F010F21ED86}
		{C0E3C712-B100-4B63-8421-E75C74560107} = {3EED25DE-FBB1-4451-8F44-D072B43A2D66}
		{AA0C1D81-67C3-45AD-BC6F-4BADEA8C0364} = {3EED25DE-FBB1-4451-8F44-D072B43A2D66}
		{BC2C235F-E382-4286-8BB3-8C8E590D81F2} = {A54A32AB-DA08-4825-A246-DE5A8C69D588}
		{2636C6E2-AA9F-4948-BF46-D0772F73D265} = {D91CABB8-AE3F-4FE8-B8E3-DEDBD6C2EDB6}
		{1A528A8D-A794-41F4-A299-D00732B5D094} = {EDD3DF19-2CFA-42A7-B8A5-D53607C1C847}
		{D067CEAD-BE9E-4121-9288-A876A0EAE098} = {4847AB47-2B45-4A3A-BF3B-7F010F21ED86}
		{28045EAE-D89A-43D5-957E-EAD89D506926} = {8E196618-6DB1-4DB6-AE55-49F003088484}
		{25C85B1A-CE30-4D3B-AFDD-F1C05AB9DF4C} = {BC2C235F-E382-4286-8BB3-8C8E590D81F2}
		{EDD3DF19-2CFA-42A7-B8A5-D53607C1C847} = {25C85B1A-CE30-4D3B-AFDD-F1C05AB9DF4C}
		{8E196618-6DB1-4DB6-AE55-49F003088484} = {25C85B1A-CE30-4D3B-AFDD-F1C05AB9DF4C}
		{61A13F69-7346-4115-B517-976BADE0B926} = {8E196618-6DB1-4DB6-AE55-49F003088484}
		{9B833B9C-92BB-43AB-A068-5C1317F08F82} = {8E196618-6DB1-4DB6-AE55-49F003088484}
		{176C0178-D576-4A66-AD4E-FD44CA75D765} = {8E196618-6DB1-4DB6-AE55-49F003088484}
		{95E28BC1-E43B-4BB0-8136-B27119509A24} = {8E196618-6DB1-4DB6-AE55-49F003088484}
		{A851D07A-3480-4505-AEB4-83A5B61092E4} = {F63F6673-DA10-41A4-9E01-02AC5125A0C9}
		{F63F6673-DA10-41A4-9E01-02AC5125A0C9} = {BC2C235F-E382-4286-8BB3-8C8E590D81F2}
		{98D3C70B-512B-4D83-97F5-0286192E9E5B} = {D91CABB8-AE3F-4FE8-B8E3-DEDBD6C2EDB6}
		{E08AE8FB-8B8C-4910-8E6B-71124505D09B} = {BC2C235F-E382-4286-8BB3-8C8E590D81F2}
		{481DBEBD-2137-4153-A6FB-CA2801DFE94C} = {E08AE8FB-8B8C-4910-8E6B-71124505D09B}
	EndGlobalSection
	GlobalSection(ExtensibilityGlobals) = postSolution
		SolutionGuid = {9FAC6C2E-62DE-4665-BB16-4E7D445FAB26}
	EndGlobalSection
EndGlobal
