
Microsoft Visual Studio Solution File, Format Version 12.00
# Visual Studio Version 17
VisualStudioVersion = 17.1.31911.260
MinimumVisualStudioVersion = 10.0.40219.1
Project("{FAE04EC0-301F-11D3-BF4B-00C04F79EFBC}") = "RoyalCode.Repositories.Abstractions", "RoyalCode.Repositories.Abstractions\RoyalCode.Repositories.Abstractions.csproj", "{32ED862A-FFC6-40A7-8BBA-0807AC5B7BE5}"
EndProject
Project("{2150E333-8FDC-42A3-9474-1A3956D46DE8}") = ".items", ".items", "{B6D9A130-5359-4A71-A97B-703364D34B97}"
	ProjectSection(SolutionItems) = preProject
		base.targets = base.targets
	EndProjectSection
EndProject
Global
	GlobalSection(SolutionConfigurationPlatforms) = preSolution
		Debug|Any CPU = Debug|Any CPU
		Release|Any CPU = Release|Any CPU
	EndGlobalSection
	GlobalSection(ProjectConfigurationPlatforms) = postSolution
		{32ED862A-FFC6-40A7-8BBA-0807AC5B7BE5}.Debug|Any CPU.ActiveCfg = Debug|Any CPU
		{32ED862A-FFC6-40A7-8BBA-0807AC5B7BE5}.Debug|Any CPU.Build.0 = Debug|Any CPU
		{32ED862A-FFC6-40A7-8BBA-0807AC5B7BE5}.Release|Any CPU.ActiveCfg = Release|Any CPU
		{32ED862A-FFC6-40A7-8BBA-0807AC5B7BE5}.Release|Any CPU.Build.0 = Release|Any CPU
	EndGlobalSection
	GlobalSection(SolutionProperties) = preSolution
		HideSolutionNode = FALSE
	EndGlobalSection
	GlobalSection(ExtensibilityGlobals) = postSolution
		SolutionGuid = {9FAC6C2E-62DE-4665-BB16-4E7D445FAB26}
	EndGlobalSection
EndGlobal
